
Microsoft Visual Studio Solution File, Format Version 12.00
# Visual Studio 14
VisualStudioVersion = 14.0.25420.1
MinimumVisualStudioVersion = 10.0.40219.1
Project("{2150E333-8FDC-42A3-9474-1A3956D46DE8}") = "src", "src", "{9927AADC-35F7-4315-B51E-302B49BCCB10}"
EndProject
Project("{2150E333-8FDC-42A3-9474-1A3956D46DE8}") = "Solution Items", "Solution Items", "{E7D897DC-848A-413B-BC9A-439A3DB88A3C}"
	ProjectSection(SolutionItems) = preProject
		global.json = global.json
	EndProjectSection
EndProject
Project("{8BB2217D-0F2D-49D1-97BC-3654ED321F3B}") = "sdcell", "src\sdcell\sdcell.xproj", "{F47793F1-CBA9-4E5C-BF8F-989FA0EAA391}"
EndProject
Global
	GlobalSection(SolutionConfigurationPlatforms) = preSolution
		Debug|Any CPU = Debug|Any CPU
		Release|Any CPU = Release|Any CPU
	EndGlobalSection
	GlobalSection(ProjectConfigurationPlatforms) = postSolution
		{F47793F1-CBA9-4E5C-BF8F-989FA0EAA391}.Debug|Any CPU.ActiveCfg = Debug|Any CPU
		{F47793F1-CBA9-4E5C-BF8F-989FA0EAA391}.Debug|Any CPU.Build.0 = Debug|Any CPU
		{F47793F1-CBA9-4E5C-BF8F-989FA0EAA391}.Release|Any CPU.ActiveCfg = Release|Any CPU
		{F47793F1-CBA9-4E5C-BF8F-989FA0EAA391}.Release|Any CPU.Build.0 = Release|Any CPU
	EndGlobalSection
	GlobalSection(SolutionProperties) = preSolution
		HideSolutionNode = FALSE
	EndGlobalSection
	GlobalSection(NestedProjects) = preSolution
		{F47793F1-CBA9-4E5C-BF8F-989FA0EAA391} = {9927AADC-35F7-4315-B51E-302B49BCCB10}
	EndGlobalSection
EndGlobal
